
Microsoft Visual Studio Solution File, Format Version 12.00
# Visual Studio Version 16
VisualStudioVersion = 16.0.31624.102
MinimumVisualStudioVersion = 10.0.40219.1
Project("{9A19103F-16F7-4668-BE54-9A1E7A4F7556}") = "DataApi", "DataApi\DataApi.csproj", "{9C7F206A-DC9A-4B67-B595-26E6C840C517}"
EndProject
Project("{FAE04EC0-301F-11D3-BF4B-00C04F79EFBC}") = "FunctionCompute", "FunctionCompute\FunctionCompute.csproj", "{F39DB1EF-C652-4D6D-B94D-60553EDF20A7}"
EndProject
Global
	GlobalSection(SolutionConfigurationPlatforms) = preSolution
		Debug|Any CPU = Debug|Any CPU
		Release|Any CPU = Release|Any CPU
	EndGlobalSection
	GlobalSection(ProjectConfigurationPlatforms) = postSolution
		{9C7F206A-DC9A-4B67-B595-26E6C840C517}.Debug|Any CPU.ActiveCfg = Debug|Any CPU
		{9C7F206A-DC9A-4B67-B595-26E6C840C517}.Debug|Any CPU.Build.0 = Debug|Any CPU
		{9C7F206A-DC9A-4B67-B595-26E6C840C517}.Release|Any CPU.ActiveCfg = Release|Any CPU
		{9C7F206A-DC9A-4B67-B595-26E6C840C517}.Release|Any CPU.Build.0 = Release|Any CPU
		{F39DB1EF-C652-4D6D-B94D-60553EDF20A7}.Debug|Any CPU.ActiveCfg = Debug|Any CPU
		{F39DB1EF-C652-4D6D-B94D-60553EDF20A7}.Debug|Any CPU.Build.0 = Debug|Any CPU
		{F39DB1EF-C652-4D6D-B94D-60553EDF20A7}.Release|Any CPU.ActiveCfg = Release|Any CPU
		{F39DB1EF-C652-4D6D-B94D-60553EDF20A7}.Release|Any CPU.Build.0 = Release|Any CPU
	EndGlobalSection
	GlobalSection(SolutionProperties) = preSolution
		HideSolutionNode = FALSE
	EndGlobalSection
	GlobalSection(ExtensibilityGlobals) = postSolution
		SolutionGuid = {56CEF042-7204-44B9-88A8-1B80D7B156B9}
	EndGlobalSection
EndGlobal
